
Microsoft Visual Studio Solution File, Format Version 12.00
# Visual Studio Version 16
VisualStudioVersion = 16.0.31424.327
MinimumVisualStudioVersion = 10.0.40219.1
Project("{FAE04EC0-301F-11D3-BF4B-00C04F79EFBC}") = "ArkhamHorrorOdds", "ArkhamHorrorOdds\ArkhamHorrorOdds.csproj", "{EDF19735-DE26-4143-88C2-2BCFEF9901C4}"
EndProject
Project("{FAE04EC0-301F-11D3-BF4B-00C04F79EFBC}") = "ArkhamHorrorOdds.UnitTests", "ArkhamHorrorOdds.UnitTests\ArkhamHorrorOdds.UnitTests.csproj", "{717A0CBD-A384-43A3-90A3-5A41143066C8}"
EndProject
Global
	GlobalSection(SolutionConfigurationPlatforms) = preSolution
		Debug|Any CPU = Debug|Any CPU
		Release|Any CPU = Release|Any CPU
	EndGlobalSection
	GlobalSection(ProjectConfigurationPlatforms) = postSolution
		{EDF19735-DE26-4143-88C2-2BCFEF9901C4}.Debug|Any CPU.ActiveCfg = Debug|Any CPU
		{EDF19735-DE26-4143-88C2-2BCFEF9901C4}.Debug|Any CPU.Build.0 = Debug|Any CPU
		{EDF19735-DE26-4143-88C2-2BCFEF9901C4}.Release|Any CPU.ActiveCfg = Release|Any CPU
		{EDF19735-DE26-4143-88C2-2BCFEF9901C4}.Release|Any CPU.Build.0 = Release|Any CPU
		{717A0CBD-A384-43A3-90A3-5A41143066C8}.Debug|Any CPU.ActiveCfg = Debug|Any CPU
		{717A0CBD-A384-43A3-90A3-5A41143066C8}.Debug|Any CPU.Build.0 = Debug|Any CPU
		{717A0CBD-A384-43A3-90A3-5A41143066C8}.Release|Any CPU.ActiveCfg = Release|Any CPU
		{717A0CBD-A384-43A3-90A3-5A41143066C8}.Release|Any CPU.Build.0 = Release|Any CPU
	EndGlobalSection
	GlobalSection(SolutionProperties) = preSolution
		HideSolutionNode = FALSE
	EndGlobalSection
	GlobalSection(ExtensibilityGlobals) = postSolution
		SolutionGuid = {00C7B8C5-E209-404F-ABFD-54EC36D4AFD7}
	EndGlobalSection
EndGlobal
